# This file was autogenerated by Stack.
# You should not edit this file by hand.
# For more information, please see the documentation at:
#   https://docs.haskellstack.org/en/stable/lock_files

packages:
- completed:
    hackage: path-0.8.0@sha256:2ce69c2e537741aeead2f5d3ad2adafd6a7959015a50088bb3883ef84a7d792f,3077
    pantry-tree:
      size: 924
      sha256: f63ef618842bd541acaa9cee968381b694ce926f072d385a10aad1d3f732d4ac
  original:
    hackage: path-0.8.0@sha256:2ce69c2e537741aeead2f5d3ad2adafd6a7959015a50088bb3883ef84a7d792f,3077
snapshots:
- completed:
    size: 532380
    url: https://raw.githubusercontent.com/commercialhaskell/stackage-snapshots/master/lts/16/9.yaml
    sha256: 14a7cec114424e4286adde73364438927a553ed248cc50f069a30a67e3ee1e69
  original: lts-16.9
